// !$*UTF8*$!
{
	archiveVersion = 1;
	classes = {
	};
	objectVersion = 46;
	objects = {

/* Begin PBXBuildFile section */
		3740171C1543915B004E64E3 /* UIKit.framework in Frameworks */ = {isa = PBXBuildFile; fileRef = 3740171B1543915B004E64E3 /* UIKit.framework */; };
		3740171E1543915B004E64E3 /* Foundation.framework in Frameworks */ = {isa = PBXBuildFile; fileRef = 3740171D1543915B004E64E3 /* Foundation.framework */; };
		374017201543915B004E64E3 /* CoreGraphics.framework in Frameworks */ = {isa = PBXBuildFile; fileRef = 3740171F1543915B004E64E3 /* CoreGraphics.framework */; };
		374017221543915B004E64E3 /* GLKit.framework in Frameworks */ = {isa = PBXBuildFile; fileRef = 374017211543915B004E64E3 /* GLKit.framework */; };
		374017241543915B004E64E3 /* OpenGLES.framework in Frameworks */ = {isa = PBXBuildFile; fileRef = 374017231543915B004E64E3 /* OpenGLES.framework */; };
		3740172A1543915B004E64E3 /* InfoPlist.strings in Resources */ = {isa = PBXBuildFile; fileRef = 374017281543915B004E64E3 /* InfoPlist.strings */; };
		3740172C1543915B004E64E3 /* main.mm in Sources */ = {isa = PBXBuildFile; fileRef = 3740172B1543915B004E64E3 /* main.mm */; };
		374017301543915B004E64E3 /* AppDelegate.mm in Sources */ = {isa = PBXBuildFile; fileRef = 3740172F1543915B004E64E3 /* AppDelegate.mm */; };
		374017321543915B004E64E3 /* Shader.fsh in Resources */ = {isa = PBXBuildFile; fileRef = 374017311543915B004E64E3 /* Shader.fsh */; };
		374017341543915B004E64E3 /* Shader.vsh in Resources */ = {isa = PBXBuildFile; fileRef = 374017331543915B004E64E3 /* Shader.vsh */; };
		3740173A1543915C004E64E3 /* ViewController_iPhone.xib in Resources */ = {isa = PBXBuildFile; fileRef = 374017381543915C004E64E3 /* ViewController_iPhone.xib */; };
		3740173D1543915C004E64E3 /* ViewController_iPad.xib in Resources */ = {isa = PBXBuildFile; fileRef = 3740173B1543915C004E64E3 /* ViewController_iPad.xib */; };
		3740174B15439B20004E64E3 /* freetype.a in Frameworks */ = {isa = PBXBuildFile; fileRef = 3740174A15439B20004E64E3 /* freetype.a */; };
		3740174D15439B54004E64E3 /* ImageIO.framework in Frameworks */ = {isa = PBXBuildFile; fileRef = 3740174C15439B54004E64E3 /* ImageIO.framework */; };
		3740174F15439B6A004E64E3 /* QuartzCore.framework in Frameworks */ = {isa = PBXBuildFile; fileRef = 3740174E15439B6A004E64E3 /* QuartzCore.framework */; };
/* End PBXBuildFile section */

/* Begin PBXFileReference section */
		374017171543915B004E64E3 /* osgViewer-iOS.app */ = {isa = PBXFileReference; explicitFileType = wrapper.application; includeInIndex = 0; path = "osgViewer-iOS.app"; sourceTree = BUILT_PRODUCTS_DIR; };
		3740171B1543915B004E64E3 /* UIKit.framework */ = {isa = PBXFileReference; lastKnownFileType = wrapper.framework; name = UIKit.framework; path = System/Library/Frameworks/UIKit.framework; sourceTree = SDKROOT; };
		3740171D1543915B004E64E3 /* Foundation.framework */ = {isa = PBXFileReference; lastKnownFileType = wrapper.framework; name = Foundation.framework; path = System/Library/Frameworks/Foundation.framework; sourceTree = SDKROOT; };
		3740171F1543915B004E64E3 /* CoreGraphics.framework */ = {isa = PBXFileReference; lastKnownFileType = wrapper.framework; name = CoreGraphics.framework; path = System/Library/Frameworks/CoreGraphics.framework; sourceTree = SDKROOT; };
		374017211543915B004E64E3 /* GLKit.framework */ = {isa = PBXFileReference; lastKnownFileType = wrapper.framework; name = GLKit.framework; path = System/Library/Frameworks/GLKit.framework; sourceTree = SDKROOT; };
		374017231543915B004E64E3 /* OpenGLES.framework */ = {isa = PBXFileReference; lastKnownFileType = wrapper.framework; name = OpenGLES.framework; path = System/Library/Frameworks/OpenGLES.framework; sourceTree = SDKROOT; };
		374017271543915B004E64E3 /* osgViewer-iOS-Info.plist */ = {isa = PBXFileReference; lastKnownFileType = text.plist.xml; path = "osgViewer-iOS-Info.plist"; sourceTree = "<group>"; };
		374017291543915B004E64E3 /* en */ = {isa = PBXFileReference; lastKnownFileType = text.plist.strings; name = en; path = en.lproj/InfoPlist.strings; sourceTree = "<group>"; };
		3740172B1543915B004E64E3 /* main.mm */ = {isa = PBXFileReference; lastKnownFileType = sourcecode.cpp.objcpp; path = main.mm; sourceTree = "<group>"; };
		3740172D1543915B004E64E3 /* osgViewer-iOS-Prefix.pch */ = {isa = PBXFileReference; lastKnownFileType = sourcecode.c.h; path = "osgViewer-iOS-Prefix.pch"; sourceTree = "<group>"; };
		3740172E1543915B004E64E3 /* AppDelegate.h */ = {isa = PBXFileReference; lastKnownFileType = sourcecode.c.h; path = AppDelegate.h; sourceTree = "<group>"; };
		3740172F1543915B004E64E3 /* AppDelegate.mm */ = {isa = PBXFileReference; lastKnownFileType = sourcecode.cpp.objcpp; path = AppDelegate.mm; sourceTree = "<group>"; };
		374017311543915B004E64E3 /* Shader.fsh */ = {isa = PBXFileReference; lastKnownFileType = sourcecode.glsl; name = Shader.fsh; path = Shaders/Shader.fsh; sourceTree = "<group>"; };
		374017331543915B004E64E3 /* Shader.vsh */ = {isa = PBXFileReference; lastKnownFileType = sourcecode.glsl; name = Shader.vsh; path = Shaders/Shader.vsh; sourceTree = "<group>"; };
		374017391543915C004E64E3 /* en */ = {isa = PBXFileReference; lastKnownFileType = file.xib; name = en; path = en.lproj/ViewController_iPhone.xib; sourceTree = "<group>"; };
		3740173C1543915C004E64E3 /* en */ = {isa = PBXFileReference; lastKnownFileType = file.xib; name = en; path = en.lproj/ViewController_iPad.xib; sourceTree = "<group>"; };
		3740174715439442004E64E3 /* osgPlugins.h */ = {isa = PBXFileReference; fileEncoding = 4; lastKnownFileType = sourcecode.c.h; path = osgPlugins.h; sourceTree = "<group>"; };
		3740174A15439B20004E64E3 /* freetype.a */ = {isa = PBXFileReference; lastKnownFileType = archive.ar; name = freetype.a; path = ../3rdparty/of_preRelease_v007_iphone/libs/freetype/lib/iphone/freetype.a; sourceTree = "<group>"; };
		3740174C15439B54004E64E3 /* ImageIO.framework */ = {isa = PBXFileReference; lastKnownFileType = wrapper.framework; name = ImageIO.framework; path = System/Library/Frameworks/ImageIO.framework; sourceTree = SDKROOT; };
		3740174E15439B6A004E64E3 /* QuartzCore.framework */ = {isa = PBXFileReference; lastKnownFileType = wrapper.framework; name = QuartzCore.framework; path = System/Library/Frameworks/QuartzCore.framework; sourceTree = SDKROOT; };
/* End PBXFileReference section */

/* Begin PBXFrameworksBuildPhase section */
		374017141543915B004E64E3 /* Frameworks */ = {
			isa = PBXFrameworksBuildPhase;
			buildActionMask = 2147483647;
			files = (
				3740174F15439B6A004E64E3 /* QuartzCore.framework in Frameworks */,
				3740174D15439B54004E64E3 /* ImageIO.framework in Frameworks */,
				3740171C1543915B004E64E3 /* UIKit.framework in Frameworks */,
				3740171E1543915B004E64E3 /* Foundation.framework in Frameworks */,
				374017201543915B004E64E3 /* CoreGraphics.framework in Frameworks */,
				374017221543915B004E64E3 /* GLKit.framework in Frameworks */,
				374017241543915B004E64E3 /* OpenGLES.framework in Frameworks */,
				3740174B15439B20004E64E3 /* freetype.a in Frameworks */,
			);
			runOnlyForDeploymentPostprocessing = 0;
		};
/* End PBXFrameworksBuildPhase section */

/* Begin PBXGroup section */
		3740170C1543915A004E64E3 = {
			isa = PBXGroup;
			children = (
				374017251543915B004E64E3 /* osgViewer-iOS */,
				3740171A1543915B004E64E3 /* Frameworks */,
				374017181543915B004E64E3 /* Products */,
			);
			sourceTree = "<group>";
		};
		374017181543915B004E64E3 /* Products */ = {
			isa = PBXGroup;
			children = (
				374017171543915B004E64E3 /* osgViewer-iOS.app */,
			);
			name = Products;
			sourceTree = "<group>";
		};
		3740171A1543915B004E64E3 /* Frameworks */ = {
			isa = PBXGroup;
			children = (
				3740174A15439B20004E64E3 /* freetype.a */,
				3740174E15439B6A004E64E3 /* QuartzCore.framework */,
				3740174C15439B54004E64E3 /* ImageIO.framework */,
				3740171B1543915B004E64E3 /* UIKit.framework */,
				3740171D1543915B004E64E3 /* Foundation.framework */,
				3740171F1543915B004E64E3 /* CoreGraphics.framework */,
				374017211543915B004E64E3 /* GLKit.framework */,
				374017231543915B004E64E3 /* OpenGLES.framework */,
			);
			name = Frameworks;
			sourceTree = "<group>";
		};
		374017251543915B004E64E3 /* osgViewer-iOS */ = {
			isa = PBXGroup;
			children = (
				3740172E1543915B004E64E3 /* AppDelegate.h */,
				3740172F1543915B004E64E3 /* AppDelegate.mm */,
				374017311543915B004E64E3 /* Shader.fsh */,
				374017331543915B004E64E3 /* Shader.vsh */,
				374017381543915C004E64E3 /* ViewController_iPhone.xib */,
				3740173B1543915C004E64E3 /* ViewController_iPad.xib */,
				3740174715439442004E64E3 /* osgPlugins.h */,
				374017261543915B004E64E3 /* Supporting Files */,
			);
			path = "osgViewer-iOS";
			sourceTree = "<group>";
		};
		374017261543915B004E64E3 /* Supporting Files */ = {
			isa = PBXGroup;
			children = (
				374017271543915B004E64E3 /* osgViewer-iOS-Info.plist */,
				374017281543915B004E64E3 /* InfoPlist.strings */,
				3740172B1543915B004E64E3 /* main.mm */,
				3740172D1543915B004E64E3 /* osgViewer-iOS-Prefix.pch */,
			);
			name = "Supporting Files";
			sourceTree = "<group>";
		};
/* End PBXGroup section */

/* Begin PBXNativeTarget section */
		374017161543915B004E64E3 /* osgViewer-iOS */ = {
			isa = PBXNativeTarget;
			buildConfigurationList = 374017401543915C004E64E3 /* Build configuration list for PBXNativeTarget "osgViewer-iOS" */;
			buildPhases = (
				374017131543915B004E64E3 /* Sources */,
				374017141543915B004E64E3 /* Frameworks */,
				374017151543915B004E64E3 /* Resources */,
			);
			buildRules = (
			);
			dependencies = (
			);
			name = "osgViewer-iOS";
			productName = "osgViewer-iOS";
			productReference = 374017171543915B004E64E3 /* osgViewer-iOS.app */;
			productType = "com.apple.product-type.application";
		};
/* End PBXNativeTarget section */

/* Begin PBXProject section */
		3740170E1543915A004E64E3 /* Project object */ = {
			isa = PBXProject;
			attributes = {
				LastUpgradeCheck = 0430;
			};
			buildConfigurationList = 374017111543915A004E64E3 /* Build configuration list for PBXProject "osgViewer-iOS" */;
			compatibilityVersion = "Xcode 3.2";
			developmentRegion = English;
			hasScannedForEncodings = 0;
			knownRegions = (
				en,
			);
			mainGroup = 3740170C1543915A004E64E3;
			productRefGroup = 374017181543915B004E64E3 /* Products */;
			projectDirPath = "";
			projectRoot = "";
			targets = (
				374017161543915B004E64E3 /* osgViewer-iOS */,
			);
		};
/* End PBXProject section */

/* Begin PBXResourcesBuildPhase section */
		374017151543915B004E64E3 /* Resources */ = {
			isa = PBXResourcesBuildPhase;
			buildActionMask = 2147483647;
			files = (
				3740172A1543915B004E64E3 /* InfoPlist.strings in Resources */,
				374017321543915B004E64E3 /* Shader.fsh in Resources */,
				374017341543915B004E64E3 /* Shader.vsh in Resources */,
				3740173A1543915C004E64E3 /* ViewController_iPhone.xib in Resources */,
				3740173D1543915C004E64E3 /* ViewController_iPad.xib in Resources */,
			);
			runOnlyForDeploymentPostprocessing = 0;
		};
/* End PBXResourcesBuildPhase section */

/* Begin PBXSourcesBuildPhase section */
		374017131543915B004E64E3 /* Sources */ = {
			isa = PBXSourcesBuildPhase;
			buildActionMask = 2147483647;
			files = (
				3740172C1543915B004E64E3 /* main.mm in Sources */,
				374017301543915B004E64E3 /* AppDelegate.mm in Sources */,
			);
			runOnlyForDeploymentPostprocessing = 0;
		};
/* End PBXSourcesBuildPhase section */

/* Begin PBXVariantGroup section */
		374017281543915B004E64E3 /* InfoPlist.strings */ = {
			isa = PBXVariantGroup;
			children = (
				374017291543915B004E64E3 /* en */,
			);
			name = InfoPlist.strings;
			sourceTree = "<group>";
		};
		374017381543915C004E64E3 /* ViewController_iPhone.xib */ = {
			isa = PBXVariantGroup;
			children = (
				374017391543915C004E64E3 /* en */,
			);
			name = ViewController_iPhone.xib;
			sourceTree = "<group>";
		};
		3740173B1543915C004E64E3 /* ViewController_iPad.xib */ = {
			isa = PBXVariantGroup;
			children = (
				3740173C1543915C004E64E3 /* en */,
			);
			name = ViewController_iPad.xib;
			sourceTree = "<group>";
		};
/* End PBXVariantGroup section */

/* Begin XCBuildConfiguration section */
		3740173E1543915C004E64E3 /* Debug */ = {
			isa = XCBuildConfiguration;
			buildSettings = {
				ALWAYS_SEARCH_USER_PATHS = NO;
				ARCHS = "$(ARCHS_STANDARD_32_BIT)";
				CLANG_ENABLE_OBJC_ARC = YES;
				"CODE_SIGN_IDENTITY[sdk=iphoneos*]" = "iPhone Developer";
				COPY_PHASE_STRIP = NO;
				GCC_C_LANGUAGE_STANDARD = gnu99;
				GCC_DYNAMIC_NO_PIC = NO;
				GCC_OPTIMIZATION_LEVEL = 0;
				GCC_PREPROCESSOR_DEFINITIONS = (
					"DEBUG=1",
					"$(inherited)",
				);
				GCC_SYMBOLS_PRIVATE_EXTERN = NO;
				GCC_VERSION = com.apple.compilers.llvm.clang.1_0;
				GCC_WARN_ABOUT_RETURN_TYPE = YES;
				GCC_WARN_UNINITIALIZED_AUTOS = YES;
				GCC_WARN_UNUSED_VARIABLE = YES;
				HEADER_SEARCH_PATHS = (
					"osgViewer-iOS",
					../../include,
					../../iOS/include,
				);
				IPHONEOS_DEPLOYMENT_TARGET = 5.0;
				LIBRARY_SEARCH_PATHS = "../OpenSceneGraph-iOS/build/$(CONFIGURATION)$(EFFECTIVE_PLATFORM_NAME)";
				OTHER_LDFLAGS = "-lOpenSceneGraph-iOS";
				SDKROOT = iphoneos;
				TARGETED_DEVICE_FAMILY = "1,2";
			};
			name = Debug;
		};
		3740173F1543915C004E64E3 /* Release */ = {
			isa = XCBuildConfiguration;
			buildSettings = {
				ALWAYS_SEARCH_USER_PATHS = NO;
				ARCHS = "$(ARCHS_STANDARD_32_BIT)";
				CLANG_ENABLE_OBJC_ARC = YES;
				"CODE_SIGN_IDENTITY[sdk=iphoneos*]" = "iPhone Developer";
				COPY_PHASE_STRIP = YES;
				GCC_C_LANGUAGE_STANDARD = gnu99;
				GCC_VERSION = com.apple.compilers.llvm.clang.1_0;
				GCC_WARN_ABOUT_RETURN_TYPE = YES;
				GCC_WARN_UNINITIALIZED_AUTOS = YES;
				GCC_WARN_UNUSED_VARIABLE = YES;
				HEADER_SEARCH_PATHS = (
					"osgViewer-iOS",
					../../include,
					../../iOS/include,
				);
				IPHONEOS_DEPLOYMENT_TARGET = 5.0;
				LIBRARY_SEARCH_PATHS = "../OpenSceneGraph-iOS/build/$(CONFIGURATION)$(EFFECTIVE_PLATFORM_NAME)";
				OTHER_CFLAGS = "-DNS_BLOCK_ASSERTIONS=1";
				OTHER_LDFLAGS = "-lOpenSceneGraph-iOS";
				SDKROOT = iphoneos;
				TARGETED_DEVICE_FAMILY = "1,2";
				VALIDATE_PRODUCT = YES;
			};
			name = Release;
		};
		374017411543915C004E64E3 /* Debug */ = {
			isa = XCBuildConfiguration;
			buildSettings = {
				GCC_PRECOMPILE_PREFIX_HEADER = YES;
				GCC_PREFIX_HEADER = "osgViewer-iOS/osgViewer-iOS-Prefix.pch";
				"GCC_THUMB_SUPPORT[arch=armv6]" = "";
				INFOPLIST_FILE = "osgViewer-iOS/osgViewer-iOS-Info.plist";
				LIBRARY_SEARCH_PATHS = (
					"$(inherited)",
					"\"$(SRCROOT)\"",
					"\"$(SRCROOT)/../3rdparty/of_preRelease_v007_iphone/libs/freetype/lib/iphone\"",
				);
				PRODUCT_NAME = "$(TARGET_NAME)";
				WRAPPER_EXTENSION = app;
			};
			name = Debug;
		};
		374017421543915C004E64E3 /* Release */ = {
			isa = XCBuildConfiguration;
			buildSettings = {
				GCC_PRECOMPILE_PREFIX_HEADER = YES;
				GCC_PREFIX_HEADER = "osgViewer-iOS/osgViewer-iOS-Prefix.pch";
				"GCC_THUMB_SUPPORT[arch=armv6]" = "";
				INFOPLIST_FILE = "osgViewer-iOS/osgViewer-iOS-Info.plist";
				LIBRARY_SEARCH_PATHS = (
					"$(inherited)",
					"\"$(SRCROOT)\"",
					"\"$(SRCROOT)/../3rdparty/of_preRelease_v007_iphone/libs/freetype/lib/iphone\"",
				);
				PRODUCT_NAME = "$(TARGET_NAME)";
				WRAPPER_EXTENSION = app;
			};
			name = Release;
		};
/* End XCBuildConfiguration section */

/* Begin XCConfigurationList section */
		374017111543915A004E64E3 /* Build configuration list for PBXProject "osgViewer-iOS" */ = {
			isa = XCConfigurationList;
			buildConfigurations = (
				3740173E1543915C004E64E3 /* Debug */,
				3740173F1543915C004E64E3 /* Release */,
			);
			defaultConfigurationIsVisible = 0;
			defaultConfigurationName = Release;
		};
		374017401543915C004E64E3 /* Build configuration list for PBXNativeTarget "osgViewer-iOS" */ = {
			isa = XCConfigurationList;
			buildConfigurations = (
				374017411543915C004E64E3 /* Debug */,
				374017421543915C004E64E3 /* Release */,
			);
			defaultConfigurationIsVisible = 0;
		};
/* End XCConfigurationList section */
	};
	rootObject = 3740170E1543915A004E64E3 /* Project object */;
}
